{
  "nodes": {
    "nixpkgs": {
      "locked": {
        "lastModified": 1735694251,
        "narHash": "sha256-4vpOQePUV5yt/HdUcu4NekYt/IEpDGtOpcfXK4l2JVc=",
        "owner": "NixOS",
        "repo": "nixpkgs",
        "rev": "7af93d2e5372b0a12b3eda16dbb8eaddd0fe2176",
        "type": "github"
      },
      "original": {
        "owner": "NixOS",
        "repo": "nixpkgs",
        "rev": "7af93d2e5372b0a12b3eda16dbb8eaddd0fe2176",
        "type": "github"
      }
    },
    "root": {
      "inputs": {
        "nixpkgs": "nixpkgs"
      }
    }
  },
  "root": "root",
  "version": 7
}
